{
  "nodes": {
    "binaryhash": {
      "flake": false,
      "locked": {
        "lastModified": 1649605541,
        "narHash": "sha256-X/XYdoPo56kkbVC2Hf6+jlakEn6rFsenSMCbk34pyYw=",
        "owner": "pkravchuk",
        "repo": "binaryhash",
        "rev": "2f65a2d472fccbd90636783c8a85ef553f8f9ea8",
        "type": "gitlab"
      },
      "original": {
        "owner": "pkravchuk",
        "repo": "binaryhash",
        "type": "gitlab"
      }
    },
    "distributed-process": {
      "flake": false,
      "locked": {
        "lastModified": 1665615697,
        "narHash": "sha256-1fLWW+uxY5iMrpf11hfZ+G9FDk6HD3Rvogx6ksTsb+k=",
        "owner": "haskell-distributed",
        "repo": "distributed-process",
        "rev": "7b8cbf59cc7f291a524a5c405d514e48e6544182",
        "type": "github"
      },
      "original": {
        "owner": "haskell-distributed",
        "repo": "distributed-process",
        "type": "github"
      }
    },
    "distributed-process-async": {
      "flake": false,
      "locked": {
        "lastModified": 1528960480,
        "narHash": "sha256-C9G8/Af7HBMYfSe4PMk5prTxRaRC1qF+FD56n0YpMmI=",
        "owner": "haskell-distributed",
        "repo": "distributed-process-async",
        "rev": "feb229b666e2934fa41b713b87479fc09fde5626",
        "type": "github"
      },
      "original": {
        "owner": "haskell-distributed",
        "repo": "distributed-process-async",
        "type": "github"
      }
    },
    "hyperion-static": {
      "flake": false,
      "locked": {
        "lastModified": 1619687952,
        "narHash": "sha256-qr6Huf++lSbw6On1Kf5f/UbHDxFU93QoMzI8qEMWmFY=",
        "owner": "davidsd",
        "repo": "hyperion-static",
        "rev": "01db379d029a0bbac45d246638a9073c059f6ac4",
        "type": "gitlab"
      },
      "original": {
        "owner": "davidsd",
        "repo": "hyperion-static",
        "type": "gitlab"
      }
    },
    "nixpkgs": {
      "locked": {
        "lastModified": 1676177817,
        "narHash": "sha256-OQnBnuKkpwkfNY31xQyfU5hNpLs1ilWt+hVY6ztEEOM=",
        "owner": "nixos",
        "repo": "nixpkgs",
        "rev": "1b82144edfcd0c86486d2e07c7298f85510e7fb8",
        "type": "github"
      },
      "original": {
        "owner": "nixos",
        "ref": "nixos-22.11",
        "repo": "nixpkgs",
        "type": "github"
      }
    },
    "rank1dynamic": {
      "flake": false,
      "locked": {
        "lastModified": 1661536488,
        "narHash": "sha256-SmDhpAA97NPTF7WiYKUQNNeCpR4yO9iQrtflJXiTu8c=",
        "owner": "haskell-distributed",
        "repo": "rank1dynamic",
        "rev": "53c5453121592453177370daa06f098cb014c0d3",
        "type": "github"
      },
      "original": {
        "owner": "haskell-distributed",
        "repo": "rank1dynamic",
        "type": "github"
      }
    },
    "root": {
      "inputs": {
        "binaryhash": "binaryhash",
        "distributed-process": "distributed-process",
        "distributed-process-async": "distributed-process-async",
        "hyperion-static": "hyperion-static",
        "nixpkgs": "nixpkgs",
        "rank1dynamic": "rank1dynamic"
      }
    }
  },
  "root": "root",
  "version": 7
}
